// !$*UTF8*$!
{
	archiveVersion = 1;
	classes = {
	};
	objectVersion = 56;
	objects = {

/* Begin PBXBuildFile section */
		EA040A9A2B8AB04100448687 /* ViewIndex.swift in Sources */ = {isa = PBXBuildFile; fileRef = EA040A992B8AB04100448687 /* ViewIndex.swift */; };
		EA199CB92B77FC4200754EF2 /* RemoteImageLoader.swift in Sources */ = {isa = PBXBuildFile; fileRef = EA199CB82B77FC4200754EF2 /* RemoteImageLoader.swift */; };
		EA5845332B82E55400911B4E /* SessionManager.swift in Sources */ = {isa = PBXBuildFile; fileRef = EA5845322B82E55400911B4E /* SessionManager.swift */; };
		EA59BB9D2B6FE753003EC22C /* EarthViewerApp.swift in Sources */ = {isa = PBXBuildFile; fileRef = EA59BB9C2B6FE753003EC22C /* EarthViewerApp.swift */; };
		EA59BB9F2B6FE753003EC22C /* ContentView.swift in Sources */ = {isa = PBXBuildFile; fileRef = EA59BB9E2B6FE753003EC22C /* ContentView.swift */; };
		EA59BBA12B6FE753003EC22C /* Item.swift in Sources */ = {isa = PBXBuildFile; fileRef = EA59BBA02B6FE753003EC22C /* Item.swift */; };
		EA59BBA32B6FE756003EC22C /* Assets.xcassets in Resources */ = {isa = PBXBuildFile; fileRef = EA59BBA22B6FE756003EC22C /* Assets.xcassets */; };
		EA59BBA72B6FE756003EC22C /* Preview Assets.xcassets in Resources */ = {isa = PBXBuildFile; fileRef = EA59BBA62B6FE756003EC22C /* Preview Assets.xcassets */; };
		EA59BBAE2B6FED09003EC22C /* earthviews.json in Resources */ = {isa = PBXBuildFile; fileRef = EA59BBAD2B6FED09003EC22C /* earthviews.json */; };
		EA59BBB22B7000C7003EC22C /* EarthView.swift in Sources */ = {isa = PBXBuildFile; fileRef = EA59BBB12B7000C6003EC22C /* EarthView.swift */; };
		EA59BBB42B703608003EC22C /* Launch Screen.storyboard in Resources */ = {isa = PBXBuildFile; fileRef = EA59BBB32B703608003EC22C /* Launch Screen.storyboard */; };
		EA59BBB62B714899003EC22C /* ImageView.swift in Sources */ = {isa = PBXBuildFile; fileRef = EA59BBB52B714899003EC22C /* ImageView.swift */; };
		EA59BBB82B7148A4003EC22C /* DetailView.swift in Sources */ = {isa = PBXBuildFile; fileRef = EA59BBB72B7148A4003EC22C /* DetailView.swift */; };
		EA59BBBC2B718104003EC22C /* ConfirmationView.swift in Sources */ = {isa = PBXBuildFile; fileRef = EA59BBBB2B718104003EC22C /* ConfirmationView.swift */; };
		EA9B420C2B8A6F3900801449 /* FavoritesView.swift in Sources */ = {isa = PBXBuildFile; fileRef = EA9B420B2B8A6F3900801449 /* FavoritesView.swift */; };
		EA9B420E2B8A720D00801449 /* PreviewView.swift in Sources */ = {isa = PBXBuildFile; fileRef = EA9B420D2B8A720D00801449 /* PreviewView.swift */; };
		EAAA44202C5BE409008477C9 /* EarthViewerTVApp.swift in Sources */ = {isa = PBXBuildFile; fileRef = EAAA441F2C5BE409008477C9 /* EarthViewerTVApp.swift */; };
		EAAA44222C5BE409008477C9 /* ContentViewTV.swift in Sources */ = {isa = PBXBuildFile; fileRef = EAAA44212C5BE409008477C9 /* ContentViewTV.swift */; };
		EAAA44262C5BE40C008477C9 /* Assets.xcassets in Resources */ = {isa = PBXBuildFile; fileRef = EAAA44252C5BE40B008477C9 /* Assets.xcassets */; };
		EAAA44292C5BE40C008477C9 /* Preview Assets.xcassets in Resources */ = {isa = PBXBuildFile; fileRef = EAAA44282C5BE40C008477C9 /* Preview Assets.xcassets */; };
		EAAA442D2C5BF438008477C9 /* Item.swift in Sources */ = {isa = PBXBuildFile; fileRef = EA59BBA02B6FE753003EC22C /* Item.swift */; };
		EAAA442E2C5BF44C008477C9 /* FavoriteData.swift in Sources */ = {isa = PBXBuildFile; fileRef = EAD638F02B8BB0270012D351 /* FavoriteData.swift */; };
		EAAA442F2C5BF45C008477C9 /* ViewIndex.swift in Sources */ = {isa = PBXBuildFile; fileRef = EA040A992B8AB04100448687 /* ViewIndex.swift */; };
		EAAA44302C5BF491008477C9 /* earthviews.json in Resources */ = {isa = PBXBuildFile; fileRef = EA59BBAD2B6FED09003EC22C /* earthviews.json */; };
		EAAA44322C5BF645008477C9 /* EarthViewTV.swift in Sources */ = {isa = PBXBuildFile; fileRef = EAAA44312C5BF645008477C9 /* EarthViewTV.swift */; };
		EAAA44332C5BF6CB008477C9 /* RemoteImageLoader.swift in Sources */ = {isa = PBXBuildFile; fileRef = EA199CB82B77FC4200754EF2 /* RemoteImageLoader.swift */; };
		EAAA44352C5BF732008477C9 /* SessionManager.swift in Sources */ = {isa = PBXBuildFile; fileRef = EA5845322B82E55400911B4E /* SessionManager.swift */; };
		EAAA44372C5BF896008477C9 /* DetailViewTV.swift in Sources */ = {isa = PBXBuildFile; fileRef = EAAA44362C5BF896008477C9 /* DetailViewTV.swift */; };
		EAB0F2042C63BA88004B5986 /* ViewChangeRequest.swift in Sources */ = {isa = PBXBuildFile; fileRef = EAB0F2032C63BA88004B5986 /* ViewChangeRequest.swift */; };
		EAB0F2052C63BA88004B5986 /* ViewChangeRequest.swift in Sources */ = {isa = PBXBuildFile; fileRef = EAB0F2032C63BA88004B5986 /* ViewChangeRequest.swift */; };
		EAB0F2072C63BB90004B5986 /* ViewIndexTests.swift in Sources */ = {isa = PBXBuildFile; fileRef = EAB0F2062C63BB90004B5986 /* ViewIndexTests.swift */; };
		EAB0F2262C643A7E004B5986 /* ImageView.swift in Sources */ = {isa = PBXBuildFile; fileRef = EA59BBB52B714899003EC22C /* ImageView.swift */; };
		EAB0F2272C643F36004B5986 /* FavoriteData.swift in Sources */ = {isa = PBXBuildFile; fileRef = EAD638F02B8BB0270012D351 /* FavoriteData.swift */; };
		EAD638F12B8BB0270012D351 /* FavoriteData.swift in Sources */ = {isa = PBXBuildFile; fileRef = EAD638F02B8BB0270012D351 /* FavoriteData.swift */; };
		EAD638F92B8D60CF0012D351 /* WidgetKit.framework in Frameworks */ = {isa = PBXBuildFile; fileRef = EAD638F82B8D60CF0012D351 /* WidgetKit.framework */; };
		EAD638FB2B8D60D00012D351 /* SwiftUI.framework in Frameworks */ = {isa = PBXBuildFile; fileRef = EAD638FA2B8D60D00012D351 /* SwiftUI.framework */; };
		EAD638FE2B8D60D00012D351 /* EarthViewerWidgetBundle.swift in Sources */ = {isa = PBXBuildFile; fileRef = EAD638FD2B8D60D00012D351 /* EarthViewerWidgetBundle.swift */; };
		EAD639002B8D60D00012D351 /* EarthViewerWidget.swift in Sources */ = {isa = PBXBuildFile; fileRef = EAD638FF2B8D60D00012D351 /* EarthViewerWidget.swift */; };
		EAD639022B8D60D20012D351 /* Assets.xcassets in Resources */ = {isa = PBXBuildFile; fileRef = EAD639012B8D60D20012D351 /* Assets.xcassets */; };
		EAD639062B8D60D20012D351 /* EarthViewerWidgetExtension.appex in Embed Foundation Extensions */ = {isa = PBXBuildFile; fileRef = EAD638F62B8D60CF0012D351 /* EarthViewerWidgetExtension.appex */; settings = {ATTRIBUTES = (RemoveHeadersOnCopy, ); }; };
		EAD6390D2B8E6A030012D351 /* Item.swift in Sources */ = {isa = PBXBuildFile; fileRef = EA59BBA02B6FE753003EC22C /* Item.swift */; };
		EAD639122B8F95310012D351 /* DataManager.swift in Sources */ = {isa = PBXBuildFile; fileRef = EAD639112B8F95310012D351 /* DataManager.swift */; };
		EAD639132B8F9AA50012D351 /* DataManager.swift in Sources */ = {isa = PBXBuildFile; fileRef = EAD639112B8F95310012D351 /* DataManager.swift */; };
		EAD639142B8FA10C0012D351 /* RemoteImageLoader.swift in Sources */ = {isa = PBXBuildFile; fileRef = EA199CB82B77FC4200754EF2 /* RemoteImageLoader.swift */; };
		EAD639152B8FA1170012D351 /* SessionManager.swift in Sources */ = {isa = PBXBuildFile; fileRef = EA5845322B82E55400911B4E /* SessionManager.swift */; };
/* End PBXBuildFile section */

/* Begin PBXContainerItemProxy section */
		EAB0F1FE2C63B99D004B5986 /* PBXContainerItemProxy */ = {
			isa = PBXContainerItemProxy;
			containerPortal = EA59BB912B6FE753003EC22C /* Project object */;
			proxyType = 1;
			remoteGlobalIDString = EA59BB982B6FE753003EC22C;
			remoteInfo = EarthViewer;
		};
		EAD639042B8D60D20012D351 /* PBXContainerItemProxy */ = {
			isa = PBXContainerItemProxy;
			containerPortal = EA59BB912B6FE753003EC22C /* Project object */;
			proxyType = 1;
			remoteGlobalIDString = EAD638F52B8D60CF0012D351;
			remoteInfo = EarthViewerWidgetExtension;
		};
/* End PBXContainerItemProxy section */

/* Begin PBXCopyFilesBuildPhase section */
		EAD6390A2B8D60D20012D351 /* Embed Foundation Extensions */ = {
			isa = PBXCopyFilesBuildPhase;
			buildActionMask = 2147483647;
			dstPath = "";
			dstSubfolderSpec = 13;
			files = (
				EAD639062B8D60D20012D351 /* EarthViewerWidgetExtension.appex in Embed Foundation Extensions */,
			);
			name = "Embed Foundation Extensions";
			runOnlyForDeploymentPostprocessing = 0;
		};
/* End PBXCopyFilesBuildPhase section */

/* Begin PBXFileReference section */
		EA040A992B8AB04100448687 /* ViewIndex.swift */ = {isa = PBXFileReference; lastKnownFileType = sourcecode.swift; path = ViewIndex.swift; sourceTree = "<group>"; };
		EA199CB82B77FC4200754EF2 /* RemoteImageLoader.swift */ = {isa = PBXFileReference; lastKnownFileType = sourcecode.swift; path = RemoteImageLoader.swift; sourceTree = "<group>"; };
		EA5845322B82E55400911B4E /* SessionManager.swift */ = {isa = PBXFileReference; lastKnownFileType = sourcecode.swift; path = SessionManager.swift; sourceTree = "<group>"; };
		EA59BB992B6FE753003EC22C /* EarthViewer.app */ = {isa = PBXFileReference; explicitFileType = wrapper.application; includeInIndex = 0; path = EarthViewer.app; sourceTree = BUILT_PRODUCTS_DIR; };
		EA59BB9C2B6FE753003EC22C /* EarthViewerApp.swift */ = {isa = PBXFileReference; lastKnownFileType = sourcecode.swift; path = EarthViewerApp.swift; sourceTree = "<group>"; };
		EA59BB9E2B6FE753003EC22C /* ContentView.swift */ = {isa = PBXFileReference; lastKnownFileType = sourcecode.swift; path = ContentView.swift; sourceTree = "<group>"; };
		EA59BBA02B6FE753003EC22C /* Item.swift */ = {isa = PBXFileReference; lastKnownFileType = sourcecode.swift; path = Item.swift; sourceTree = "<group>"; };
		EA59BBA22B6FE756003EC22C /* Assets.xcassets */ = {isa = PBXFileReference; lastKnownFileType = folder.assetcatalog; path = Assets.xcassets; sourceTree = "<group>"; };
		EA59BBA42B6FE756003EC22C /* EarthViewer.entitlements */ = {isa = PBXFileReference; lastKnownFileType = text.plist.entitlements; path = EarthViewer.entitlements; sourceTree = "<group>"; };
		EA59BBA62B6FE756003EC22C /* Preview Assets.xcassets */ = {isa = PBXFileReference; lastKnownFileType = folder.assetcatalog; path = "Preview Assets.xcassets"; sourceTree = "<group>"; };
		EA59BBAD2B6FED09003EC22C /* earthviews.json */ = {isa = PBXFileReference; lastKnownFileType = text.json; path = earthviews.json; sourceTree = "<group>"; };
		EA59BBB12B7000C6003EC22C /* EarthView.swift */ = {isa = PBXFileReference; lastKnownFileType = sourcecode.swift; path = EarthView.swift; sourceTree = "<group>"; };
		EA59BBB32B703608003EC22C /* Launch Screen.storyboard */ = {isa = PBXFileReference; lastKnownFileType = file.storyboard; path = "Launch Screen.storyboard"; sourceTree = "<group>"; };
		EA59BBB52B714899003EC22C /* ImageView.swift */ = {isa = PBXFileReference; lastKnownFileType = sourcecode.swift; path = ImageView.swift; sourceTree = "<group>"; };
		EA59BBB72B7148A4003EC22C /* DetailView.swift */ = {isa = PBXFileReference; lastKnownFileType = sourcecode.swift; path = DetailView.swift; sourceTree = "<group>"; };
		EA59BBBB2B718104003EC22C /* ConfirmationView.swift */ = {isa = PBXFileReference; lastKnownFileType = sourcecode.swift; path = ConfirmationView.swift; sourceTree = "<group>"; };
		EA9B420B2B8A6F3900801449 /* FavoritesView.swift */ = {isa = PBXFileReference; lastKnownFileType = sourcecode.swift; path = FavoritesView.swift; sourceTree = "<group>"; };
		EA9B420D2B8A720D00801449 /* PreviewView.swift */ = {isa = PBXFileReference; lastKnownFileType = sourcecode.swift; path = PreviewView.swift; sourceTree = "<group>"; };
		EAAA441D2C5BE409008477C9 /* EarthViewerTV.app */ = {isa = PBXFileReference; explicitFileType = wrapper.application; includeInIndex = 0; path = EarthViewerTV.app; sourceTree = BUILT_PRODUCTS_DIR; };
		EAAA441F2C5BE409008477C9 /* EarthViewerTVApp.swift */ = {isa = PBXFileReference; lastKnownFileType = sourcecode.swift; path = EarthViewerTVApp.swift; sourceTree = "<group>"; };
		EAAA44212C5BE409008477C9 /* ContentViewTV.swift */ = {isa = PBXFileReference; lastKnownFileType = sourcecode.swift; path = ContentViewTV.swift; sourceTree = "<group>"; };
		EAAA44252C5BE40B008477C9 /* Assets.xcassets */ = {isa = PBXFileReference; lastKnownFileType = folder.assetcatalog; path = Assets.xcassets; sourceTree = "<group>"; };
		EAAA44282C5BE40C008477C9 /* Preview Assets.xcassets */ = {isa = PBXFileReference; lastKnownFileType = folder.assetcatalog; path = "Preview Assets.xcassets"; sourceTree = "<group>"; };
		EAAA44312C5BF645008477C9 /* EarthViewTV.swift */ = {isa = PBXFileReference; lastKnownFileType = sourcecode.swift; path = EarthViewTV.swift; sourceTree = "<group>"; };
		EAAA44362C5BF896008477C9 /* DetailViewTV.swift */ = {isa = PBXFileReference; lastKnownFileType = sourcecode.swift; path = DetailViewTV.swift; sourceTree = "<group>"; };
		EAB0F1FA2C63B99D004B5986 /* EarthViewerTests.xctest */ = {isa = PBXFileReference; explicitFileType = wrapper.cfbundle; includeInIndex = 0; path = EarthViewerTests.xctest; sourceTree = BUILT_PRODUCTS_DIR; };
		EAB0F2032C63BA88004B5986 /* ViewChangeRequest.swift */ = {isa = PBXFileReference; lastKnownFileType = sourcecode.swift; path = ViewChangeRequest.swift; sourceTree = "<group>"; };
		EAB0F2062C63BB90004B5986 /* ViewIndexTests.swift */ = {isa = PBXFileReference; lastKnownFileType = sourcecode.swift; path = ViewIndexTests.swift; sourceTree = "<group>"; };
		EAD638F02B8BB0270012D351 /* FavoriteData.swift */ = {isa = PBXFileReference; lastKnownFileType = sourcecode.swift; path = FavoriteData.swift; sourceTree = "<group>"; };
		EAD638F62B8D60CF0012D351 /* EarthViewerWidgetExtension.appex */ = {isa = PBXFileReference; explicitFileType = "wrapper.app-extension"; includeInIndex = 0; path = EarthViewerWidgetExtension.appex; sourceTree = BUILT_PRODUCTS_DIR; };
		EAD638F82B8D60CF0012D351 /* WidgetKit.framework */ = {isa = PBXFileReference; lastKnownFileType = wrapper.framework; name = WidgetKit.framework; path = System/Library/Frameworks/WidgetKit.framework; sourceTree = SDKROOT; };
		EAD638FA2B8D60D00012D351 /* SwiftUI.framework */ = {isa = PBXFileReference; lastKnownFileType = wrapper.framework; name = SwiftUI.framework; path = System/Library/Frameworks/SwiftUI.framework; sourceTree = SDKROOT; };
		EAD638FD2B8D60D00012D351 /* EarthViewerWidgetBundle.swift */ = {isa = PBXFileReference; lastKnownFileType = sourcecode.swift; path = EarthViewerWidgetBundle.swift; sourceTree = "<group>"; };
		EAD638FF2B8D60D00012D351 /* EarthViewerWidget.swift */ = {isa = PBXFileReference; lastKnownFileType = sourcecode.swift; path = EarthViewerWidget.swift; sourceTree = "<group>"; };
		EAD639012B8D60D20012D351 /* Assets.xcassets */ = {isa = PBXFileReference; lastKnownFileType = folder.assetcatalog; path = Assets.xcassets; sourceTree = "<group>"; };
		EAD639032B8D60D20012D351 /* Info.plist */ = {isa = PBXFileReference; lastKnownFileType = text.plist.xml; path = Info.plist; sourceTree = "<group>"; };
		EAD639102B8F933D0012D351 /* EarthViewerWidgetExtension.entitlements */ = {isa = PBXFileReference; lastKnownFileType = text.plist.entitlements; path = EarthViewerWidgetExtension.entitlements; sourceTree = "<group>"; };
		EAD639112B8F95310012D351 /* DataManager.swift */ = {isa = PBXFileReference; lastKnownFileType = sourcecode.swift; path = DataManager.swift; sourceTree = "<group>"; };
/* End PBXFileReference section */

/* Begin PBXFrameworksBuildPhase section */
		EA59BB962B6FE753003EC22C /* Frameworks */ = {
			isa = PBXFrameworksBuildPhase;
			buildActionMask = 2147483647;
			files = (
			);
			runOnlyForDeploymentPostprocessing = 0;
		};
		EAAA441A2C5BE409008477C9 /* Frameworks */ = {
			isa = PBXFrameworksBuildPhase;
			buildActionMask = 2147483647;
			files = (
			);
			runOnlyForDeploymentPostprocessing = 0;
		};
		EAB0F1F72C63B99D004B5986 /* Frameworks */ = {
			isa = PBXFrameworksBuildPhase;
			buildActionMask = 2147483647;
			files = (
			);
			runOnlyForDeploymentPostprocessing = 0;
		};
		EAD638F32B8D60CF0012D351 /* Frameworks */ = {
			isa = PBXFrameworksBuildPhase;
			buildActionMask = 2147483647;
			files = (
				EAD638FB2B8D60D00012D351 /* SwiftUI.framework in Frameworks */,
				EAD638F92B8D60CF0012D351 /* WidgetKit.framework in Frameworks */,
			);
			runOnlyForDeploymentPostprocessing = 0;
		};
/* End PBXFrameworksBuildPhase section */

/* Begin PBXGroup section */
		EA199CB42B76848B00754EF2 /* Views */ = {
			isa = PBXGroup;
			children = (
				EA59BB9E2B6FE753003EC22C /* ContentView.swift */,
				EA59BBB12B7000C6003EC22C /* EarthView.swift */,
				EA9B420B2B8A6F3900801449 /* FavoritesView.swift */,
				EA59BBB52B714899003EC22C /* ImageView.swift */,
				EA59BBB72B7148A4003EC22C /* DetailView.swift */,
				EA59BBBB2B718104003EC22C /* ConfirmationView.swift */,
				EA9B420D2B8A720D00801449 /* PreviewView.swift */,
			);
			path = Views;
			sourceTree = "<group>";
		};
		EA199CB52B76849100754EF2 /* Models */ = {
			isa = PBXGroup;
			children = (
				EA59BBA02B6FE753003EC22C /* Item.swift */,
				EAD638F02B8BB0270012D351 /* FavoriteData.swift */,
				EA040A992B8AB04100448687 /* ViewIndex.swift */,
				EAB0F2032C63BA88004B5986 /* ViewChangeRequest.swift */,
			);
			path = Models;
			sourceTree = "<group>";
		};
		EA199CB62B76849900754EF2 /* Data */ = {
			isa = PBXGroup;
			children = (
				EA59BBAD2B6FED09003EC22C /* earthviews.json */,
			);
			path = Data;
			sourceTree = "<group>";
		};
		EA199CB72B77FC3000754EF2 /* Utils */ = {
			isa = PBXGroup;
			children = (
				EA199CB82B77FC4200754EF2 /* RemoteImageLoader.swift */,
				EA5845322B82E55400911B4E /* SessionManager.swift */,
				EAD639112B8F95310012D351 /* DataManager.swift */,
			);
			path = Utils;
			sourceTree = "<group>";
		};
		EA59BB902B6FE753003EC22C = {
			isa = PBXGroup;
			children = (
				EA59BB9B2B6FE753003EC22C /* EarthViewer */,
				EAD638FC2B8D60D00012D351 /* EarthViewerWidget */,
				EAAA441E2C5BE409008477C9 /* EarthViewerTV */,
				EAB0F1FB2C63B99D004B5986 /* EarthViewerTests */,
				EAD638F72B8D60CF0012D351 /* Frameworks */,
				EA59BB9A2B6FE753003EC22C /* Products */,
			);
			sourceTree = "<group>";
		};
		EA59BB9A2B6FE753003EC22C /* Products */ = {
			isa = PBXGroup;
			children = (
				EA59BB992B6FE753003EC22C /* EarthViewer.app */,
				EAD638F62B8D60CF0012D351 /* EarthViewerWidgetExtension.appex */,
				EAAA441D2C5BE409008477C9 /* EarthViewerTV.app */,
				EAB0F1FA2C63B99D004B5986 /* EarthViewerTests.xctest */,
			);
			name = Products;
			sourceTree = "<group>";
		};
		EA59BB9B2B6FE753003EC22C /* EarthViewer */ = {
			isa = PBXGroup;
			children = (
				EA59BB9C2B6FE753003EC22C /* EarthViewerApp.swift */,
				EA59BBA22B6FE756003EC22C /* Assets.xcassets */,
				EA59BBA42B6FE756003EC22C /* EarthViewer.entitlements */,
				EA59BBB32B703608003EC22C /* Launch Screen.storyboard */,
				EA59BBA52B6FE756003EC22C /* Preview Content */,
				EA199CB62B76849900754EF2 /* Data */,
				EA199CB52B76849100754EF2 /* Models */,
				EA199CB72B77FC3000754EF2 /* Utils */,
				EA199CB42B76848B00754EF2 /* Views */,
			);
			path = EarthViewer;
			sourceTree = "<group>";
		};
		EA59BBA52B6FE756003EC22C /* Preview Content */ = {
			isa = PBXGroup;
			children = (
				EA59BBA62B6FE756003EC22C /* Preview Assets.xcassets */,
			);
			path = "Preview Content";
			sourceTree = "<group>";
		};
		EAAA441E2C5BE409008477C9 /* EarthViewerTV */ = {
			isa = PBXGroup;
			children = (
				EAAA441F2C5BE409008477C9 /* EarthViewerTVApp.swift */,
				EAAA44212C5BE409008477C9 /* ContentViewTV.swift */,
				EAAA44312C5BF645008477C9 /* EarthViewTV.swift */,
				EAAA44362C5BF896008477C9 /* DetailViewTV.swift */,
				EAAA44252C5BE40B008477C9 /* Assets.xcassets */,
				EAAA44272C5BE40C008477C9 /* Preview Content */,
			);
			path = EarthViewerTV;
			sourceTree = "<group>";
		};
		EAAA44272C5BE40C008477C9 /* Preview Content */ = {
			isa = PBXGroup;
			children = (
				EAAA44282C5BE40C008477C9 /* Preview Assets.xcassets */,
			);
			path = "Preview Content";
			sourceTree = "<group>";
		};
		EAB0F1FB2C63B99D004B5986 /* EarthViewerTests */ = {
			isa = PBXGroup;
			children = (
				EAB0F2062C63BB90004B5986 /* ViewIndexTests.swift */,
			);
			path = EarthViewerTests;
			sourceTree = "<group>";
		};
		EAD638F72B8D60CF0012D351 /* Frameworks */ = {
			isa = PBXGroup;
			children = (
				EAD638F82B8D60CF0012D351 /* WidgetKit.framework */,
				EAD638FA2B8D60D00012D351 /* SwiftUI.framework */,
			);
			name = Frameworks;
			sourceTree = "<group>";
		};
		EAD638FC2B8D60D00012D351 /* EarthViewerWidget */ = {
			isa = PBXGroup;
			children = (
				EAD639102B8F933D0012D351 /* EarthViewerWidgetExtension.entitlements */,
				EAD638FD2B8D60D00012D351 /* EarthViewerWidgetBundle.swift */,
				EAD638FF2B8D60D00012D351 /* EarthViewerWidget.swift */,
				EAD639012B8D60D20012D351 /* Assets.xcassets */,
				EAD639032B8D60D20012D351 /* Info.plist */,
			);
			path = EarthViewerWidget;
			sourceTree = "<group>";
		};
/* End PBXGroup section */

/* Begin PBXNativeTarget section */
		EA59BB982B6FE753003EC22C /* EarthViewer */ = {
			isa = PBXNativeTarget;
			buildConfigurationList = EA59BBAA2B6FE756003EC22C /* Build configuration list for PBXNativeTarget "EarthViewer" */;
			buildPhases = (
				EA59BB952B6FE753003EC22C /* Sources */,
				EA59BB962B6FE753003EC22C /* Frameworks */,
				EA59BB972B6FE753003EC22C /* Resources */,
				EAD6390A2B8D60D20012D351 /* Embed Foundation Extensions */,
			);
			buildRules = (
			);
			dependencies = (
				EAD639052B8D60D20012D351 /* PBXTargetDependency */,
			);
			name = EarthViewer;
			productName = EarthViewer;
			productReference = EA59BB992B6FE753003EC22C /* EarthViewer.app */;
			productType = "com.apple.product-type.application";
		};
		EAAA441C2C5BE409008477C9 /* EarthViewerTV */ = {
			isa = PBXNativeTarget;
			buildConfigurationList = EAAA442A2C5BE40C008477C9 /* Build configuration list for PBXNativeTarget "EarthViewerTV" */;
			buildPhases = (
				EAAA44192C5BE409008477C9 /* Sources */,
				EAAA441A2C5BE409008477C9 /* Frameworks */,
				EAAA441B2C5BE409008477C9 /* Resources */,
			);
			buildRules = (
			);
			dependencies = (
			);
			name = EarthViewerTV;
			productName = EarthViewerTV;
			productReference = EAAA441D2C5BE409008477C9 /* EarthViewerTV.app */;
			productType = "com.apple.product-type.application";
		};
		EAB0F1F92C63B99D004B5986 /* EarthViewerTests */ = {
			isa = PBXNativeTarget;
			buildConfigurationList = EAB0F2022C63B99D004B5986 /* Build configuration list for PBXNativeTarget "EarthViewerTests" */;
			buildPhases = (
				EAB0F1F62C63B99D004B5986 /* Sources */,
				EAB0F1F72C63B99D004B5986 /* Frameworks */,
				EAB0F1F82C63B99D004B5986 /* Resources */,
			);
			buildRules = (
			);
			dependencies = (
				EAB0F1FF2C63B99D004B5986 /* PBXTargetDependency */,
			);
			name = EarthViewerTests;
			productName = EarthViewerTests;
			productReference = EAB0F1FA2C63B99D004B5986 /* EarthViewerTests.xctest */;
			productType = "com.apple.product-type.bundle.unit-test";
		};
		EAD638F52B8D60CF0012D351 /* EarthViewerWidgetExtension */ = {
			isa = PBXNativeTarget;
			buildConfigurationList = EAD639072B8D60D20012D351 /* Build configuration list for PBXNativeTarget "EarthViewerWidgetExtension" */;
			buildPhases = (
				EAD638F22B8D60CF0012D351 /* Sources */,
				EAD638F32B8D60CF0012D351 /* Frameworks */,
				EAD638F42B8D60CF0012D351 /* Resources */,
			);
			buildRules = (
			);
			dependencies = (
			);
			name = EarthViewerWidgetExtension;
			productName = EarthViewerWidgetExtension;
			productReference = EAD638F62B8D60CF0012D351 /* EarthViewerWidgetExtension.appex */;
			productType = "com.apple.product-type.app-extension";
		};
/* End PBXNativeTarget section */

/* Begin PBXProject section */
		EA59BB912B6FE753003EC22C /* Project object */ = {
			isa = PBXProject;
			attributes = {
				BuildIndependentTargetsInParallel = 1;
				LastSwiftUpdateCheck = 1510;
				LastUpgradeCheck = 1600;
				TargetAttributes = {
					EA59BB982B6FE753003EC22C = {
						CreatedOnToolsVersion = 15.1;
					};
					EAAA441C2C5BE409008477C9 = {
						CreatedOnToolsVersion = 15.1;
					};
					EAB0F1F92C63B99D004B5986 = {
						CreatedOnToolsVersion = 15.1;
						TestTargetID = EA59BB982B6FE753003EC22C;
					};
					EAD638F52B8D60CF0012D351 = {
						CreatedOnToolsVersion = 15.1;
					};
				};
			};
			buildConfigurationList = EA59BB942B6FE753003EC22C /* Build configuration list for PBXProject "EarthViewer" */;
			compatibilityVersion = "Xcode 14.0";
			developmentRegion = en;
			hasScannedForEncodings = 0;
			knownRegions = (
				en,
				Base,
			);
			mainGroup = EA59BB902B6FE753003EC22C;
			productRefGroup = EA59BB9A2B6FE753003EC22C /* Products */;
			projectDirPath = "";
			projectRoot = "";
			targets = (
				EA59BB982B6FE753003EC22C /* EarthViewer */,
				EAB0F1F92C63B99D004B5986 /* EarthViewerTests */,
				EAD638F52B8D60CF0012D351 /* EarthViewerWidgetExtension */,
				EAAA441C2C5BE409008477C9 /* EarthViewerTV */,
			);
		};
/* End PBXProject section */

/* Begin PBXResourcesBuildPhase section */
		EA59BB972B6FE753003EC22C /* Resources */ = {
			isa = PBXResourcesBuildPhase;
			buildActionMask = 2147483647;
			files = (
				EA59BBA72B6FE756003EC22C /* Preview Assets.xcassets in Resources */,
				EA59BBA32B6FE756003EC22C /* Assets.xcassets in Resources */,
				EA59BBB42B703608003EC22C /* Launch Screen.storyboard in Resources */,
				EA59BBAE2B6FED09003EC22C /* earthviews.json in Resources */,
			);
			runOnlyForDeploymentPostprocessing = 0;
		};
		EAAA441B2C5BE409008477C9 /* Resources */ = {
			isa = PBXResourcesBuildPhase;
			buildActionMask = 2147483647;
			files = (
				EAAA44292C5BE40C008477C9 /* Preview Assets.xcassets in Resources */,
				EAAA44262C5BE40C008477C9 /* Assets.xcassets in Resources */,
				EAAA44302C5BF491008477C9 /* earthviews.json in Resources */,
			);
			runOnlyForDeploymentPostprocessing = 0;
		};
		EAB0F1F82C63B99D004B5986 /* Resources */ = {
			isa = PBXResourcesBuildPhase;
			buildActionMask = 2147483647;
			files = (
			);
			runOnlyForDeploymentPostprocessing = 0;
		};
		EAD638F42B8D60CF0012D351 /* Resources */ = {
			isa = PBXResourcesBuildPhase;
			buildActionMask = 2147483647;
			files = (
				EAD639022B8D60D20012D351 /* Assets.xcassets in Resources */,
			);
			runOnlyForDeploymentPostprocessing = 0;
		};
/* End PBXResourcesBuildPhase section */

/* Begin PBXSourcesBuildPhase section */
		EA59BB952B6FE753003EC22C /* Sources */ = {
			isa = PBXSourcesBuildPhase;
			buildActionMask = 2147483647;
			files = (
				EA9B420C2B8A6F3900801449 /* FavoritesView.swift in Sources */,
				EA199CB92B77FC4200754EF2 /* RemoteImageLoader.swift in Sources */,
				EA59BBB62B714899003EC22C /* ImageView.swift in Sources */,
				EAD639122B8F95310012D351 /* DataManager.swift in Sources */,
				EA9B420E2B8A720D00801449 /* PreviewView.swift in Sources */,
				EAD638F12B8BB0270012D351 /* FavoriteData.swift in Sources */,
				EA59BBB82B7148A4003EC22C /* DetailView.swift in Sources */,
				EA040A9A2B8AB04100448687 /* ViewIndex.swift in Sources */,
				EA5845332B82E55400911B4E /* SessionManager.swift in Sources */,
				EAB0F2042C63BA88004B5986 /* ViewChangeRequest.swift in Sources */,
				EA59BBBC2B718104003EC22C /* ConfirmationView.swift in Sources */,
				EA59BB9F2B6FE753003EC22C /* ContentView.swift in Sources */,
				EA59BBB22B7000C7003EC22C /* EarthView.swift in Sources */,
				EA59BBA12B6FE753003EC22C /* Item.swift in Sources */,
				EA59BB9D2B6FE753003EC22C /* EarthViewerApp.swift in Sources */,
			);
			runOnlyForDeploymentPostprocessing = 0;
		};
		EAAA44192C5BE409008477C9 /* Sources */ = {
			isa = PBXSourcesBuildPhase;
			buildActionMask = 2147483647;
			files = (
				EAAA442E2C5BF44C008477C9 /* FavoriteData.swift in Sources */,
				EAAA44352C5BF732008477C9 /* SessionManager.swift in Sources */,
				EAB0F2052C63BA88004B5986 /* ViewChangeRequest.swift in Sources */,
				EAAA44372C5BF896008477C9 /* DetailViewTV.swift in Sources */,
				EAB0F2262C643A7E004B5986 /* ImageView.swift in Sources */,
				EAAA442D2C5BF438008477C9 /* Item.swift in Sources */,
				EAAA44222C5BE409008477C9 /* ContentViewTV.swift in Sources */,
				EAAA44322C5BF645008477C9 /* EarthViewTV.swift in Sources */,
				EAAA44202C5BE409008477C9 /* EarthViewerTVApp.swift in Sources */,
				EAAA44332C5BF6CB008477C9 /* RemoteImageLoader.swift in Sources */,
				EAAA442F2C5BF45C008477C9 /* ViewIndex.swift in Sources */,
			);
			runOnlyForDeploymentPostprocessing = 0;
		};
		EAB0F1F62C63B99D004B5986 /* Sources */ = {
			isa = PBXSourcesBuildPhase;
			buildActionMask = 2147483647;
			files = (
				EAB0F2072C63BB90004B5986 /* ViewIndexTests.swift in Sources */,
			);
			runOnlyForDeploymentPostprocessing = 0;
		};
		EAD638F22B8D60CF0012D351 /* Sources */ = {
			isa = PBXSourcesBuildPhase;
			buildActionMask = 2147483647;
			files = (
				EAD639132B8F9AA50012D351 /* DataManager.swift in Sources */,
				EAD639002B8D60D00012D351 /* EarthViewerWidget.swift in Sources */,
				EAB0F2272C643F36004B5986 /* FavoriteData.swift in Sources */,
				EAD6390D2B8E6A030012D351 /* Item.swift in Sources */,
				EAD639142B8FA10C0012D351 /* RemoteImageLoader.swift in Sources */,
				EAD639152B8FA1170012D351 /* SessionManager.swift in Sources */,
				EAD638FE2B8D60D00012D351 /* EarthViewerWidgetBundle.swift in Sources */,
			);
			runOnlyForDeploymentPostprocessing = 0;
		};
/* End PBXSourcesBuildPhase section */

/* Begin PBXTargetDependency section */
		EAB0F1FF2C63B99D004B5986 /* PBXTargetDependency */ = {
			isa = PBXTargetDependency;
			target = EA59BB982B6FE753003EC22C /* EarthViewer */;
			targetProxy = EAB0F1FE2C63B99D004B5986 /* PBXContainerItemProxy */;
		};
		EAD639052B8D60D20012D351 /* PBXTargetDependency */ = {
			isa = PBXTargetDependency;
			target = EAD638F52B8D60CF0012D351 /* EarthViewerWidgetExtension */;
			targetProxy = EAD639042B8D60D20012D351 /* PBXContainerItemProxy */;
		};
/* End PBXTargetDependency section */

/* Begin XCBuildConfiguration section */
		EA59BBA82B6FE756003EC22C /* Debug */ = {
			isa = XCBuildConfiguration;
			buildSettings = {
				ALWAYS_SEARCH_USER_PATHS = NO;
				ASSETCATALOG_COMPILER_GENERATE_SWIFT_ASSET_SYMBOL_EXTENSIONS = YES;
				CLANG_ANALYZER_NONNULL = YES;
				CLANG_ANALYZER_NUMBER_OBJECT_CONVERSION = YES_AGGRESSIVE;
				CLANG_CXX_LANGUAGE_STANDARD = "gnu++20";
				CLANG_ENABLE_MODULES = YES;
				CLANG_ENABLE_OBJC_ARC = YES;
				CLANG_ENABLE_OBJC_WEAK = YES;
				CLANG_WARN_BLOCK_CAPTURE_AUTORELEASING = YES;
				CLANG_WARN_BOOL_CONVERSION = YES;
				CLANG_WARN_COMMA = YES;
				CLANG_WARN_CONSTANT_CONVERSION = YES;
				CLANG_WARN_DEPRECATED_OBJC_IMPLEMENTATIONS = YES;
				CLANG_WARN_DIRECT_OBJC_ISA_USAGE = YES_ERROR;
				CLANG_WARN_DOCUMENTATION_COMMENTS = YES;
				CLANG_WARN_EMPTY_BODY = YES;
				CLANG_WARN_ENUM_CONVERSION = YES;
				CLANG_WARN_INFINITE_RECURSION = YES;
				CLANG_WARN_INT_CONVERSION = YES;
				CLANG_WARN_NON_LITERAL_NULL_CONVERSION = YES;
				CLANG_WARN_OBJC_IMPLICIT_RETAIN_SELF = YES;
				CLANG_WARN_OBJC_LITERAL_CONVERSION = YES;
				CLANG_WARN_OBJC_ROOT_CLASS = YES_ERROR;
				CLANG_WARN_QUOTED_INCLUDE_IN_FRAMEWORK_HEADER = YES;
				CLANG_WARN_RANGE_LOOP_ANALYSIS = YES;
				CLANG_WARN_STRICT_PROTOTYPES = YES;
				CLANG_WARN_SUSPICIOUS_MOVE = YES;
				CLANG_WARN_UNGUARDED_AVAILABILITY = YES_AGGRESSIVE;
				CLANG_WARN_UNREACHABLE_CODE = YES;
				CLANG_WARN__DUPLICATE_METHOD_MATCH = YES;
				COPY_PHASE_STRIP = NO;
				DEAD_CODE_STRIPPING = YES;
				DEBUG_INFORMATION_FORMAT = dwarf;
				ENABLE_STRICT_OBJC_MSGSEND = YES;
				ENABLE_TESTABILITY = YES;
				ENABLE_USER_SCRIPT_SANDBOXING = YES;
				GCC_C_LANGUAGE_STANDARD = gnu17;
				GCC_DYNAMIC_NO_PIC = NO;
				GCC_NO_COMMON_BLOCKS = YES;
				GCC_OPTIMIZATION_LEVEL = 0;
				GCC_PREPROCESSOR_DEFINITIONS = (
					"DEBUG=1",
					"$(inherited)",
				);
				GCC_WARN_64_TO_32_BIT_CONVERSION = YES;
				GCC_WARN_ABOUT_RETURN_TYPE = YES_ERROR;
				GCC_WARN_UNDECLARED_SELECTOR = YES;
				GCC_WARN_UNINITIALIZED_AUTOS = YES_AGGRESSIVE;
				GCC_WARN_UNUSED_FUNCTION = YES;
				GCC_WARN_UNUSED_VARIABLE = YES;
				LOCALIZATION_PREFERS_STRING_CATALOGS = YES;
				MTL_ENABLE_DEBUG_INFO = INCLUDE_SOURCE;
				MTL_FAST_MATH = YES;
				ONLY_ACTIVE_ARCH = YES;
				SWIFT_ACTIVE_COMPILATION_CONDITIONS = "DEBUG $(inherited)";
				SWIFT_OPTIMIZATION_LEVEL = "-Onone";
			};
			name = Debug;
		};
		EA59BBA92B6FE756003EC22C /* Release */ = {
			isa = XCBuildConfiguration;
			buildSettings = {
				ALWAYS_SEARCH_USER_PATHS = NO;
				ASSETCATALOG_COMPILER_GENERATE_SWIFT_ASSET_SYMBOL_EXTENSIONS = YES;
				CLANG_ANALYZER_NONNULL = YES;
				CLANG_ANALYZER_NUMBER_OBJECT_CONVERSION = YES_AGGRESSIVE;
				CLANG_CXX_LANGUAGE_STANDARD = "gnu++20";
				CLANG_ENABLE_MODULES = YES;
				CLANG_ENABLE_OBJC_ARC = YES;
				CLANG_ENABLE_OBJC_WEAK = YES;
				CLANG_WARN_BLOCK_CAPTURE_AUTORELEASING = YES;
				CLANG_WARN_BOOL_CONVERSION = YES;
				CLANG_WARN_COMMA = YES;
				CLANG_WARN_CONSTANT_CONVERSION = YES;
				CLANG_WARN_DEPRECATED_OBJC_IMPLEMENTATIONS = YES;
				CLANG_WARN_DIRECT_OBJC_ISA_USAGE = YES_ERROR;
				CLANG_WARN_DOCUMENTATION_COMMENTS = YES;
				CLANG_WARN_EMPTY_BODY = YES;
				CLANG_WARN_ENUM_CONVERSION = YES;
				CLANG_WARN_INFINITE_RECURSION = YES;
				CLANG_WARN_INT_CONVERSION = YES;
				CLANG_WARN_NON_LITERAL_NULL_CONVERSION = YES;
				CLANG_WARN_OBJC_IMPLICIT_RETAIN_SELF = YES;
				CLANG_WARN_OBJC_LITERAL_CONVERSION = YES;
				CLANG_WARN_OBJC_ROOT_CLASS = YES_ERROR;
				CLANG_WARN_QUOTED_INCLUDE_IN_FRAMEWORK_HEADER = YES;
				CLANG_WARN_RANGE_LOOP_ANALYSIS = YES;
				CLANG_WARN_STRICT_PROTOTYPES = YES;
				CLANG_WARN_SUSPICIOUS_MOVE = YES;
				CLANG_WARN_UNGUARDED_AVAILABILITY = YES_AGGRESSIVE;
				CLANG_WARN_UNREACHABLE_CODE = YES;
				CLANG_WARN__DUPLICATE_METHOD_MATCH = YES;
				COPY_PHASE_STRIP = NO;
				DEAD_CODE_STRIPPING = YES;
				DEBUG_INFORMATION_FORMAT = "dwarf-with-dsym";
				ENABLE_NS_ASSERTIONS = NO;
				ENABLE_STRICT_OBJC_MSGSEND = YES;
				ENABLE_USER_SCRIPT_SANDBOXING = YES;
				GCC_C_LANGUAGE_STANDARD = gnu17;
				GCC_NO_COMMON_BLOCKS = YES;
				GCC_WARN_64_TO_32_BIT_CONVERSION = YES;
				GCC_WARN_ABOUT_RETURN_TYPE = YES_ERROR;
				GCC_WARN_UNDECLARED_SELECTOR = YES;
				GCC_WARN_UNINITIALIZED_AUTOS = YES_AGGRESSIVE;
				GCC_WARN_UNUSED_FUNCTION = YES;
				GCC_WARN_UNUSED_VARIABLE = YES;
				LOCALIZATION_PREFERS_STRING_CATALOGS = YES;
				MTL_ENABLE_DEBUG_INFO = NO;
				MTL_FAST_MATH = YES;
				SWIFT_COMPILATION_MODE = wholemodule;
			};
			name = Release;
		};
		EA59BBAB2B6FE756003EC22C /* Debug */ = {
			isa = XCBuildConfiguration;
			buildSettings = {
				ASSETCATALOG_COMPILER_APPICON_NAME = AppIcon;
				ASSETCATALOG_COMPILER_GLOBAL_ACCENT_COLOR_NAME = AccentColor;
				CODE_SIGN_ENTITLEMENTS = EarthViewer/EarthViewer.entitlements;
				CODE_SIGN_IDENTITY = "Apple Development";
				CODE_SIGN_STYLE = Manual;
				CURRENT_PROJECT_VERSION = 1;
				DEAD_CODE_STRIPPING = YES;
				DEVELOPMENT_ASSET_PATHS = "\"EarthViewer/Preview Content\"";
				DEVELOPMENT_TEAM = "";
				ENABLE_HARDENED_RUNTIME = YES;
				ENABLE_PREVIEWS = YES;
				GENERATE_INFOPLIST_FILE = YES;
				INFOPLIST_KEY_CFBundleDisplayName = "Earth Viewer";
				INFOPLIST_KEY_LSApplicationCategoryType = "public.app-category.utilities";
				INFOPLIST_KEY_NSPhotoLibraryAddUsageDescription = "Allows for saving images to your Camera Roll.";
				"INFOPLIST_KEY_UIApplicationSceneManifest_Generation[sdk=iphoneos*]" = YES;
				"INFOPLIST_KEY_UIApplicationSceneManifest_Generation[sdk=iphonesimulator*]" = YES;
				"INFOPLIST_KEY_UIApplicationSupportsIndirectInputEvents[sdk=iphoneos*]" = YES;
				"INFOPLIST_KEY_UIApplicationSupportsIndirectInputEvents[sdk=iphonesimulator*]" = YES;
				"INFOPLIST_KEY_UILaunchScreen_Generation[sdk=iphoneos*]" = YES;
				"INFOPLIST_KEY_UILaunchScreen_Generation[sdk=iphonesimulator*]" = YES;
				INFOPLIST_KEY_UILaunchStoryboardName = "Launch Screen.storyboard";
				INFOPLIST_KEY_UIStatusBarHidden = YES;
				"INFOPLIST_KEY_UIStatusBarStyle[sdk=iphoneos*]" = UIStatusBarStyleDefault;
				"INFOPLIST_KEY_UIStatusBarStyle[sdk=iphonesimulator*]" = UIStatusBarStyleDefault;
				INFOPLIST_KEY_UISupportedInterfaceOrientations = "UIInterfaceOrientationLandscapeLeft UIInterfaceOrientationLandscapeRight UIInterfaceOrientationPortrait UIInterfaceOrientationPortraitUpsideDown";
				IPHONEOS_DEPLOYMENT_TARGET = 17.0;
				LD_RUNPATH_SEARCH_PATHS = "@executable_path/Frameworks";
				"LD_RUNPATH_SEARCH_PATHS[sdk=macosx*]" = "@executable_path/../Frameworks";
				MACOSX_DEPLOYMENT_TARGET = 14.0;
				MARKETING_VERSION = 1.1;
				PRODUCT_BUNDLE_IDENTIFIER = com.alexpersian.EarthViewer;
				PRODUCT_NAME = "$(TARGET_NAME)";
				PROVISIONING_PROFILE_SPECIFIER = "";
				SDKROOT = auto;
				SUPPORTED_PLATFORMS = "iphoneos iphonesimulator";
				SUPPORTS_MACCATALYST = NO;
				SWIFT_EMIT_LOC_STRINGS = YES;
				SWIFT_VERSION = 5.0;
				TARGETED_DEVICE_FAMILY = "1,2";
			};
			name = Debug;
		};
		EA59BBAC2B6FE756003EC22C /* Release */ = {
			isa = XCBuildConfiguration;
			buildSettings = {
				ASSETCATALOG_COMPILER_APPICON_NAME = AppIcon;
				ASSETCATALOG_COMPILER_GLOBAL_ACCENT_COLOR_NAME = AccentColor;
				CODE_SIGN_ENTITLEMENTS = EarthViewer/EarthViewer.entitlements;
				CODE_SIGN_IDENTITY = "Apple Development";
				CODE_SIGN_STYLE = Manual;
				CURRENT_PROJECT_VERSION = 1;
				DEAD_CODE_STRIPPING = YES;
				DEVELOPMENT_ASSET_PATHS = "\"EarthViewer/Preview Content\"";
				DEVELOPMENT_TEAM = "";
				ENABLE_HARDENED_RUNTIME = YES;
				ENABLE_PREVIEWS = YES;
				GENERATE_INFOPLIST_FILE = YES;
				INFOPLIST_KEY_CFBundleDisplayName = "Earth Viewer";
				INFOPLIST_KEY_LSApplicationCategoryType = "public.app-category.utilities";
				INFOPLIST_KEY_NSPhotoLibraryAddUsageDescription = "Allows for saving images to your Camera Roll.";
				"INFOPLIST_KEY_UIApplicationSceneManifest_Generation[sdk=iphoneos*]" = YES;
				"INFOPLIST_KEY_UIApplicationSceneManifest_Generation[sdk=iphonesimulator*]" = YES;
				"INFOPLIST_KEY_UIApplicationSupportsIndirectInputEvents[sdk=iphoneos*]" = YES;
				"INFOPLIST_KEY_UIApplicationSupportsIndirectInputEvents[sdk=iphonesimulator*]" = YES;
				"INFOPLIST_KEY_UILaunchScreen_Generation[sdk=iphoneos*]" = YES;
				"INFOPLIST_KEY_UILaunchScreen_Generation[sdk=iphonesimulator*]" = YES;
				INFOPLIST_KEY_UILaunchStoryboardName = "Launch Screen.storyboard";
				INFOPLIST_KEY_UIStatusBarHidden = YES;
				"INFOPLIST_KEY_UIStatusBarStyle[sdk=iphoneos*]" = UIStatusBarStyleDefault;
				"INFOPLIST_KEY_UIStatusBarStyle[sdk=iphonesimulator*]" = UIStatusBarStyleDefault;
				INFOPLIST_KEY_UISupportedInterfaceOrientations = "UIInterfaceOrientationLandscapeLeft UIInterfaceOrientationLandscapeRight UIInterfaceOrientationPortrait UIInterfaceOrientationPortraitUpsideDown";
				IPHONEOS_DEPLOYMENT_TARGET = 17.0;
				LD_RUNPATH_SEARCH_PATHS = "@executable_path/Frameworks";
				"LD_RUNPATH_SEARCH_PATHS[sdk=macosx*]" = "@executable_path/../Frameworks";
				MACOSX_DEPLOYMENT_TARGET = 14.0;
				MARKETING_VERSION = 1.1;
				PRODUCT_BUNDLE_IDENTIFIER = com.alexpersian.EarthViewer;
				PRODUCT_NAME = "$(TARGET_NAME)";
				PROVISIONING_PROFILE_SPECIFIER = "";
				SDKROOT = auto;
				SUPPORTED_PLATFORMS = "iphoneos iphonesimulator";
				SUPPORTS_MACCATALYST = NO;
				SWIFT_EMIT_LOC_STRINGS = YES;
				SWIFT_VERSION = 5.0;
				TARGETED_DEVICE_FAMILY = "1,2";
			};
			name = Release;
		};
		EAAA442B2C5BE40C008477C9 /* Debug */ = {
			isa = XCBuildConfiguration;
			buildSettings = {
				ASSETCATALOG_COMPILER_APPICON_NAME = "App Icon & Top Shelf Image";
				ASSETCATALOG_COMPILER_GLOBAL_ACCENT_COLOR_NAME = AccentColor;
				CODE_SIGN_IDENTITY = "Apple Development";
				CODE_SIGN_STYLE = Manual;
				CURRENT_PROJECT_VERSION = 1;
				DEVELOPMENT_ASSET_PATHS = "\"EarthViewerTV/Preview Content\"";
				DEVELOPMENT_TEAM = "";
				ENABLE_PREVIEWS = YES;
				GENERATE_INFOPLIST_FILE = YES;
				INFOPLIST_KEY_CFBundleDisplayName = "Earth Viewer";
				INFOPLIST_KEY_LSApplicationCategoryType = "public.app-category.utilities";
				INFOPLIST_KEY_UILaunchScreen_Generation = YES;
				INFOPLIST_KEY_UIUserInterfaceStyle = Automatic;
				LD_RUNPATH_SEARCH_PATHS = (
					"$(inherited)",
					"@executable_path/Frameworks",
				);
				MARKETING_VERSION = 1.1;
				PRODUCT_BUNDLE_IDENTIFIER = com.alexpersian.EarthViewerTV;
				PRODUCT_NAME = "$(TARGET_NAME)";
				PROVISIONING_PROFILE_SPECIFIER = "";
				SDKROOT = appletvos;
				SWIFT_EMIT_LOC_STRINGS = YES;
				SWIFT_VERSION = 5.0;
				TARGETED_DEVICE_FAMILY = 3;
				TVOS_DEPLOYMENT_TARGET = 17.0;
			};
			name = Debug;
		};
		EAAA442C2C5BE40C008477C9 /* Release */ = {
			isa = XCBuildConfiguration;
			buildSettings = {
				ASSETCATALOG_COMPILER_APPICON_NAME = "App Icon & Top Shelf Image";
				ASSETCATALOG_COMPILER_GLOBAL_ACCENT_COLOR_NAME = AccentColor;
				CODE_SIGN_IDENTITY = "Apple Development";
				CODE_SIGN_STYLE = Manual;
				CURRENT_PROJECT_VERSION = 1;
				DEVELOPMENT_ASSET_PATHS = "\"EarthViewerTV/Preview Content\"";
				DEVELOPMENT_TEAM = "";
				ENABLE_PREVIEWS = YES;
				GENERATE_INFOPLIST_FILE = YES;
				INFOPLIST_KEY_CFBundleDisplayName = "Earth Viewer";
				INFOPLIST_KEY_LSApplicationCategoryType = "public.app-category.utilities";
				INFOPLIST_KEY_UILaunchScreen_Generation = YES;
				INFOPLIST_KEY_UIUserInterfaceStyle = Automatic;
				LD_RUNPATH_SEARCH_PATHS = (
					"$(inherited)",
					"@executable_path/Frameworks",
				);
				MARKETING_VERSION = 1.1;
				PRODUCT_BUNDLE_IDENTIFIER = com.alexpersian.EarthViewerTV;
				PRODUCT_NAME = "$(TARGET_NAME)";
				PROVISIONING_PROFILE_SPECIFIER = "";
				SDKROOT = appletvos;
				SWIFT_EMIT_LOC_STRINGS = YES;
				SWIFT_VERSION = 5.0;
				TARGETED_DEVICE_FAMILY = 3;
				TVOS_DEPLOYMENT_TARGET = 17.0;
				VALIDATE_PRODUCT = YES;
			};
			name = Release;
		};
		EAB0F2002C63B99D004B5986 /* Debug */ = {
			isa = XCBuildConfiguration;
			buildSettings = {
				BUNDLE_LOADER = "$(TEST_HOST)";
				CODE_SIGN_STYLE = Manual;
				CURRENT_PROJECT_VERSION = 1;
				DEVELOPMENT_TEAM = "";
				GENERATE_INFOPLIST_FILE = YES;
				IPHONEOS_DEPLOYMENT_TARGET = 17.0;
				MARKETING_VERSION = 1.0;
				PRODUCT_BUNDLE_IDENTIFIER = com.alexpersian.EarthViewerTests;
				PRODUCT_NAME = "$(TARGET_NAME)";
				PROVISIONING_PROFILE_SPECIFIER = "";
				SDKROOT = iphoneos;
				SUPPORTED_PLATFORMS = "iphoneos iphonesimulator";
				SUPPORTS_MACCATALYST = NO;
				SUPPORTS_MAC_DESIGNED_FOR_IPHONE_IPAD = NO;
				SWIFT_EMIT_LOC_STRINGS = NO;
				SWIFT_VERSION = 5.0;
				TARGETED_DEVICE_FAMILY = "1,2";
				TEST_HOST = "$(BUILT_PRODUCTS_DIR)/EarthViewer.app/$(BUNDLE_EXECUTABLE_FOLDER_PATH)/EarthViewer";
			};
			name = Debug;
		};
		EAB0F2012C63B99D004B5986 /* Release */ = {
			isa = XCBuildConfiguration;
			buildSettings = {
				BUNDLE_LOADER = "$(TEST_HOST)";
				CODE_SIGN_STYLE = Manual;
				CURRENT_PROJECT_VERSION = 1;
				DEVELOPMENT_TEAM = "";
				GENERATE_INFOPLIST_FILE = YES;
				IPHONEOS_DEPLOYMENT_TARGET = 17.0;
				MARKETING_VERSION = 1.0;
				PRODUCT_BUNDLE_IDENTIFIER = com.alexpersian.EarthViewerTests;
				PRODUCT_NAME = "$(TARGET_NAME)";
				PROVISIONING_PROFILE_SPECIFIER = "";
				SDKROOT = iphoneos;
				SUPPORTED_PLATFORMS = "iphoneos iphonesimulator";
				SUPPORTS_MACCATALYST = NO;
				SUPPORTS_MAC_DESIGNED_FOR_IPHONE_IPAD = NO;
				SWIFT_EMIT_LOC_STRINGS = NO;
				SWIFT_VERSION = 5.0;
				TARGETED_DEVICE_FAMILY = "1,2";
				TEST_HOST = "$(BUILT_PRODUCTS_DIR)/EarthViewer.app/$(BUNDLE_EXECUTABLE_FOLDER_PATH)/EarthViewer";
				VALIDATE_PRODUCT = YES;
			};
			name = Release;
		};
		EAD639082B8D60D20012D351 /* Debug */ = {
			isa = XCBuildConfiguration;
			buildSettings = {
				ASSETCATALOG_COMPILER_GLOBAL_ACCENT_COLOR_NAME = AccentColor;
				ASSETCATALOG_COMPILER_WIDGET_BACKGROUND_COLOR_NAME = WidgetBackground;
				CODE_SIGN_ENTITLEMENTS = EarthViewerWidget/EarthViewerWidgetExtension.entitlements;
				CODE_SIGN_IDENTITY = "Apple Development";
				CODE_SIGN_STYLE = Manual;
				CURRENT_PROJECT_VERSION = 1;
				DEVELOPMENT_TEAM = "";
				GENERATE_INFOPLIST_FILE = YES;
				INFOPLIST_FILE = EarthViewerWidget/Info.plist;
				INFOPLIST_KEY_CFBundleDisplayName = EarthViewerWidget;
				INFOPLIST_KEY_NSHumanReadableCopyright = "";
				IPHONEOS_DEPLOYMENT_TARGET = 17.0;
				LD_RUNPATH_SEARCH_PATHS = (
					"$(inherited)",
					"@executable_path/Frameworks",
					"@executable_path/../../Frameworks",
				);
				MARKETING_VERSION = 1.0;
				PRODUCT_BUNDLE_IDENTIFIER = com.alexpersian.EarthViewer.EarthViewerWidget;
				PRODUCT_NAME = "$(TARGET_NAME)";
				PROVISIONING_PROFILE_SPECIFIER = "";
				SDKROOT = iphoneos;
				SKIP_INSTALL = YES;
				SUPPORTED_PLATFORMS = "iphoneos iphonesimulator";
				SUPPORTS_MACCATALYST = NO;
				SUPPORTS_MAC_DESIGNED_FOR_IPHONE_IPAD = NO;
				SWIFT_EMIT_LOC_STRINGS = YES;
				SWIFT_VERSION = 5.0;
				TARGETED_DEVICE_FAMILY = "1,2";
			};
			name = Debug;
		};
		EAD639092B8D60D20012D351 /* Release */ = {
			isa = XCBuildConfiguration;
			buildSettings = {
				ASSETCATALOG_COMPILER_GLOBAL_ACCENT_COLOR_NAME = AccentColor;
				ASSETCATALOG_COMPILER_WIDGET_BACKGROUND_COLOR_NAME = WidgetBackground;
				CODE_SIGN_ENTITLEMENTS = EarthViewerWidget/EarthViewerWidgetExtension.entitlements;
				CODE_SIGN_IDENTITY = "Apple Development";
				CODE_SIGN_STYLE = Manual;
				CURRENT_PROJECT_VERSION = 1;
				DEVELOPMENT_TEAM = "";
				GENERATE_INFOPLIST_FILE = YES;
				INFOPLIST_FILE = EarthViewerWidget/Info.plist;
				INFOPLIST_KEY_CFBundleDisplayName = EarthViewerWidget;
				INFOPLIST_KEY_NSHumanReadableCopyright = "";
				IPHONEOS_DEPLOYMENT_TARGET = 17.0;
				LD_RUNPATH_SEARCH_PATHS = (
					"$(inherited)",
					"@executable_path/Frameworks",
					"@executable_path/../../Frameworks",
				);
				MARKETING_VERSION = 1.0;
				PRODUCT_BUNDLE_IDENTIFIER = com.alexpersian.EarthViewer.EarthViewerWidget;
				PRODUCT_NAME = "$(TARGET_NAME)";
				PROVISIONING_PROFILE_SPECIFIER = "";
				SDKROOT = iphoneos;
				SKIP_INSTALL = YES;
				SUPPORTED_PLATFORMS = "iphoneos iphonesimulator";
				SUPPORTS_MACCATALYST = NO;
				SUPPORTS_MAC_DESIGNED_FOR_IPHONE_IPAD = NO;
				SWIFT_EMIT_LOC_STRINGS = YES;
				SWIFT_VERSION = 5.0;
				TARGETED_DEVICE_FAMILY = "1,2";
				VALIDATE_PRODUCT = YES;
			};
			name = Release;
		};
/* End XCBuildConfiguration section */

/* Begin XCConfigurationList section */
		EA59BB942B6FE753003EC22C /* Build configuration list for PBXProject "EarthViewer" */ = {
			isa = XCConfigurationList;
			buildConfigurations = (
				EA59BBA82B6FE756003EC22C /* Debug */,
				EA59BBA92B6FE756003EC22C /* Release */,
			);
			defaultConfigurationIsVisible = 0;
			defaultConfigurationName = Release;
		};
		EA59BBAA2B6FE756003EC22C /* Build configuration list for PBXNativeTarget "EarthViewer" */ = {
			isa = XCConfigurationList;
			buildConfigurations = (
				EA59BBAB2B6FE756003EC22C /* Debug */,
				EA59BBAC2B6FE756003EC22C /* Release */,
			);
			defaultConfigurationIsVisible = 0;
			defaultConfigurationName = Release;
		};
		EAAA442A2C5BE40C008477C9 /* Build configuration list for PBXNativeTarget "EarthViewerTV" */ = {
			isa = XCConfigurationList;
			buildConfigurations = (
				EAAA442B2C5BE40C008477C9 /* Debug */,
				EAAA442C2C5BE40C008477C9 /* Release */,
			);
			defaultConfigurationIsVisible = 0;
			defaultConfigurationName = Release;
		};
		EAB0F2022C63B99D004B5986 /* Build configuration list for PBXNativeTarget "EarthViewerTests" */ = {
			isa = XCConfigurationList;
			buildConfigurations = (
				EAB0F2002C63B99D004B5986 /* Debug */,
				EAB0F2012C63B99D004B5986 /* Release */,
			);
			defaultConfigurationIsVisible = 0;
			defaultConfigurationName = Release;
		};
		EAD639072B8D60D20012D351 /* Build configuration list for PBXNativeTarget "EarthViewerWidgetExtension" */ = {
			isa = XCConfigurationList;
			buildConfigurations = (
				EAD639082B8D60D20012D351 /* Debug */,
				EAD639092B8D60D20012D351 /* Release */,
			);
			defaultConfigurationIsVisible = 0;
			defaultConfigurationName = Release;
		};
/* End XCConfigurationList section */
	};
	rootObject = EA59BB912B6FE753003EC22C /* Project object */;
}
