// !$*UTF8*$!
{
	archiveVersion = 1;
	classes = {
	};
	objectVersion = 56;
	objects = {

/* Begin PBXBuildFile section */
		EA199CB92B77FC4200754EF2 /* RemoteImageLoader.swift in Sources */ = {isa = PBXBuildFile; fileRef = EA199CB82B77FC4200754EF2 /* RemoteImageLoader.swift */; };
		EA5845332B82E55400911B4E /* SessionManager.swift in Sources */ = {isa = PBXBuildFile; fileRef = EA5845322B82E55400911B4E /* SessionManager.swift */; };
		EA59BB9D2B6FE753003EC22C /* EarthViewerApp.swift in Sources */ = {isa = PBXBuildFile; fileRef = EA59BB9C2B6FE753003EC22C /* EarthViewerApp.swift */; };
		EA59BB9F2B6FE753003EC22C /* ContentView.swift in Sources */ = {isa = PBXBuildFile; fileRef = EA59BB9E2B6FE753003EC22C /* ContentView.swift */; };
		EA59BBA12B6FE753003EC22C /* Item.swift in Sources */ = {isa = PBXBuildFile; fileRef = EA59BBA02B6FE753003EC22C /* Item.swift */; };
		EA59BBA32B6FE756003EC22C /* Assets.xcassets in Resources */ = {isa = PBXBuildFile; fileRef = EA59BBA22B6FE756003EC22C /* Assets.xcassets */; };
		EA59BBA72B6FE756003EC22C /* Preview Assets.xcassets in Resources */ = {isa = PBXBuildFile; fileRef = EA59BBA62B6FE756003EC22C /* Preview Assets.xcassets */; };
		EA59BBAE2B6FED09003EC22C /* earthviews.json in Resources */ = {isa = PBXBuildFile; fileRef = EA59BBAD2B6FED09003EC22C /* earthviews.json */; };
		EA59BBB22B7000C7003EC22C /* EarthView.swift in Sources */ = {isa = PBXBuildFile; fileRef = EA59BBB12B7000C6003EC22C /* EarthView.swift */; };
		EA59BBB42B703608003EC22C /* Launch Screen.storyboard in Resources */ = {isa = PBXBuildFile; fileRef = EA59BBB32B703608003EC22C /* Launch Screen.storyboard */; };
		EA59BBB62B714899003EC22C /* ImageView.swift in Sources */ = {isa = PBXBuildFile; fileRef = EA59BBB52B714899003EC22C /* ImageView.swift */; };
		EA59BBB82B7148A4003EC22C /* DetailView.swift in Sources */ = {isa = PBXBuildFile; fileRef = EA59BBB72B7148A4003EC22C /* DetailView.swift */; };
		EA59BBBC2B718104003EC22C /* ConfirmationView.swift in Sources */ = {isa = PBXBuildFile; fileRef = EA59BBBB2B718104003EC22C /* ConfirmationView.swift */; };
/* End PBXBuildFile section */

/* Begin PBXFileReference section */
		EA199CB82B77FC4200754EF2 /* RemoteImageLoader.swift */ = {isa = PBXFileReference; lastKnownFileType = sourcecode.swift; path = RemoteImageLoader.swift; sourceTree = "<group>"; };
		EA5845322B82E55400911B4E /* SessionManager.swift */ = {isa = PBXFileReference; lastKnownFileType = sourcecode.swift; path = SessionManager.swift; sourceTree = "<group>"; };
		EA59BB992B6FE753003EC22C /* EarthViewer.app */ = {isa = PBXFileReference; explicitFileType = wrapper.application; includeInIndex = 0; path = EarthViewer.app; sourceTree = BUILT_PRODUCTS_DIR; };
		EA59BB9C2B6FE753003EC22C /* EarthViewerApp.swift */ = {isa = PBXFileReference; lastKnownFileType = sourcecode.swift; path = EarthViewerApp.swift; sourceTree = "<group>"; };
		EA59BB9E2B6FE753003EC22C /* ContentView.swift */ = {isa = PBXFileReference; lastKnownFileType = sourcecode.swift; path = ContentView.swift; sourceTree = "<group>"; };
		EA59BBA02B6FE753003EC22C /* Item.swift */ = {isa = PBXFileReference; lastKnownFileType = sourcecode.swift; path = Item.swift; sourceTree = "<group>"; };
		EA59BBA22B6FE756003EC22C /* Assets.xcassets */ = {isa = PBXFileReference; lastKnownFileType = folder.assetcatalog; path = Assets.xcassets; sourceTree = "<group>"; };
		EA59BBA42B6FE756003EC22C /* EarthViewer.entitlements */ = {isa = PBXFileReference; lastKnownFileType = text.plist.entitlements; path = EarthViewer.entitlements; sourceTree = "<group>"; };
		EA59BBA62B6FE756003EC22C /* Preview Assets.xcassets */ = {isa = PBXFileReference; lastKnownFileType = folder.assetcatalog; path = "Preview Assets.xcassets"; sourceTree = "<group>"; };
		EA59BBAD2B6FED09003EC22C /* earthviews.json */ = {isa = PBXFileReference; lastKnownFileType = text.json; path = earthviews.json; sourceTree = "<group>"; };
		EA59BBB12B7000C6003EC22C /* EarthView.swift */ = {isa = PBXFileReference; lastKnownFileType = sourcecode.swift; path = EarthView.swift; sourceTree = "<group>"; };
		EA59BBB32B703608003EC22C /* Launch Screen.storyboard */ = {isa = PBXFileReference; lastKnownFileType = file.storyboard; path = "Launch Screen.storyboard"; sourceTree = "<group>"; };
		EA59BBB52B714899003EC22C /* ImageView.swift */ = {isa = PBXFileReference; lastKnownFileType = sourcecode.swift; path = ImageView.swift; sourceTree = "<group>"; };
		EA59BBB72B7148A4003EC22C /* DetailView.swift */ = {isa = PBXFileReference; lastKnownFileType = sourcecode.swift; path = DetailView.swift; sourceTree = "<group>"; };
		EA59BBBB2B718104003EC22C /* ConfirmationView.swift */ = {isa = PBXFileReference; lastKnownFileType = sourcecode.swift; path = ConfirmationView.swift; sourceTree = "<group>"; };
/* End PBXFileReference section */

/* Begin PBXFrameworksBuildPhase section */
		EA59BB962B6FE753003EC22C /* Frameworks */ = {
			isa = PBXFrameworksBuildPhase;
			buildActionMask = 2147483647;
			files = (
			);
			runOnlyForDeploymentPostprocessing = 0;
		};
/* End PBXFrameworksBuildPhase section */

/* Begin PBXGroup section */
		EA199CB42B76848B00754EF2 /* Views */ = {
			isa = PBXGroup;
			children = (
				EA59BBB12B7000C6003EC22C /* EarthView.swift */,
				EA59BBBB2B718104003EC22C /* ConfirmationView.swift */,
				EA59BB9E2B6FE753003EC22C /* ContentView.swift */,
				EA59BBB72B7148A4003EC22C /* DetailView.swift */,
				EA59BBB52B714899003EC22C /* ImageView.swift */,
			);
			path = Views;
			sourceTree = "<group>";
		};
		EA199CB52B76849100754EF2 /* Models */ = {
			isa = PBXGroup;
			children = (
				EA59BBA02B6FE753003EC22C /* Item.swift */,
			);
			path = Models;
			sourceTree = "<group>";
		};
		EA199CB62B76849900754EF2 /* Data */ = {
			isa = PBXGroup;
			children = (
				EA59BBAD2B6FED09003EC22C /* earthviews.json */,
			);
			path = Data;
			sourceTree = "<group>";
		};
		EA199CB72B77FC3000754EF2 /* Utils */ = {
			isa = PBXGroup;
			children = (
				EA199CB82B77FC4200754EF2 /* RemoteImageLoader.swift */,
				EA5845322B82E55400911B4E /* SessionManager.swift */,
			);
			path = Utils;
			sourceTree = "<group>";
		};
		EA59BB902B6FE753003EC22C = {
			isa = PBXGroup;
			children = (
				EA59BB9B2B6FE753003EC22C /* EarthViewer */,
				EA59BB9A2B6FE753003EC22C /* Products */,
			);
			sourceTree = "<group>";
		};
		EA59BB9A2B6FE753003EC22C /* Products */ = {
			isa = PBXGroup;
			children = (
				EA59BB992B6FE753003EC22C /* EarthViewer.app */,
			);
			name = Products;
			sourceTree = "<group>";
		};
		EA59BB9B2B6FE753003EC22C /* EarthViewer */ = {
			isa = PBXGroup;
			children = (
				EA59BB9C2B6FE753003EC22C /* EarthViewerApp.swift */,
				EA59BBA22B6FE756003EC22C /* Assets.xcassets */,
				EA59BBA42B6FE756003EC22C /* EarthViewer.entitlements */,
				EA59BBB32B703608003EC22C /* Launch Screen.storyboard */,
				EA59BBA52B6FE756003EC22C /* Preview Content */,
				EA199CB62B76849900754EF2 /* Data */,
				EA199CB52B76849100754EF2 /* Models */,
				EA199CB72B77FC3000754EF2 /* Utils */,
				EA199CB42B76848B00754EF2 /* Views */,
			);
			path = EarthViewer;
			sourceTree = "<group>";
		};
		EA59BBA52B6FE756003EC22C /* Preview Content */ = {
			isa = PBXGroup;
			children = (
				EA59BBA62B6FE756003EC22C /* Preview Assets.xcassets */,
			);
			path = "Preview Content";
			sourceTree = "<group>";
		};
/* End PBXGroup section */

/* Begin PBXNativeTarget section */
		EA59BB982B6FE753003EC22C /* EarthViewer */ = {
			isa = PBXNativeTarget;
			buildConfigurationList = EA59BBAA2B6FE756003EC22C /* Build configuration list for PBXNativeTarget "EarthViewer" */;
			buildPhases = (
				EA59BB952B6FE753003EC22C /* Sources */,
				EA59BB962B6FE753003EC22C /* Frameworks */,
				EA59BB972B6FE753003EC22C /* Resources */,
			);
			buildRules = (
			);
			dependencies = (
			);
			name = EarthViewer;
			productName = EarthViewer;
			productReference = EA59BB992B6FE753003EC22C /* EarthViewer.app */;
			productType = "com.apple.product-type.application";
		};
/* End PBXNativeTarget section */

/* Begin PBXProject section */
		EA59BB912B6FE753003EC22C /* Project object */ = {
			isa = PBXProject;
			attributes = {
				BuildIndependentTargetsInParallel = 1;
				LastSwiftUpdateCheck = 1510;
				LastUpgradeCheck = 1510;
				TargetAttributes = {
					EA59BB982B6FE753003EC22C = {
						CreatedOnToolsVersion = 15.1;
					};
				};
			};
			buildConfigurationList = EA59BB942B6FE753003EC22C /* Build configuration list for PBXProject "EarthViewer" */;
			compatibilityVersion = "Xcode 14.0";
			developmentRegion = en;
			hasScannedForEncodings = 0;
			knownRegions = (
				en,
				Base,
			);
			mainGroup = EA59BB902B6FE753003EC22C;
			productRefGroup = EA59BB9A2B6FE753003EC22C /* Products */;
			projectDirPath = "";
			projectRoot = "";
			targets = (
				EA59BB982B6FE753003EC22C /* EarthViewer */,
			);
		};
/* End PBXProject section */

/* Begin PBXResourcesBuildPhase section */
		EA59BB972B6FE753003EC22C /* Resources */ = {
			isa = PBXResourcesBuildPhase;
			buildActionMask = 2147483647;
			files = (
				EA59BBA72B6FE756003EC22C /* Preview Assets.xcassets in Resources */,
				EA59BBA32B6FE756003EC22C /* Assets.xcassets in Resources */,
				EA59BBB42B703608003EC22C /* Launch Screen.storyboard in Resources */,
				EA59BBAE2B6FED09003EC22C /* earthviews.json in Resources */,
			);
			runOnlyForDeploymentPostprocessing = 0;
		};
/* End PBXResourcesBuildPhase section */

/* Begin PBXSourcesBuildPhase section */
		EA59BB952B6FE753003EC22C /* Sources */ = {
			isa = PBXSourcesBuildPhase;
			buildActionMask = 2147483647;
			files = (
				EA199CB92B77FC4200754EF2 /* RemoteImageLoader.swift in Sources */,
				EA59BBB62B714899003EC22C /* ImageView.swift in Sources */,
				EA59BBB82B7148A4003EC22C /* DetailView.swift in Sources */,
				EA5845332B82E55400911B4E /* SessionManager.swift in Sources */,
				EA59BBBC2B718104003EC22C /* ConfirmationView.swift in Sources */,
				EA59BB9F2B6FE753003EC22C /* ContentView.swift in Sources */,
				EA59BBB22B7000C7003EC22C /* EarthView.swift in Sources */,
				EA59BBA12B6FE753003EC22C /* Item.swift in Sources */,
				EA59BB9D2B6FE753003EC22C /* EarthViewerApp.swift in Sources */,
			);
			runOnlyForDeploymentPostprocessing = 0;
		};
/* End PBXSourcesBuildPhase section */

/* Begin XCBuildConfiguration section */
		EA59BBA82B6FE756003EC22C /* Debug */ = {
			isa = XCBuildConfiguration;
			buildSettings = {
				ALWAYS_SEARCH_USER_PATHS = NO;
				ASSETCATALOG_COMPILER_GENERATE_SWIFT_ASSET_SYMBOL_EXTENSIONS = YES;
				CLANG_ANALYZER_NONNULL = YES;
				CLANG_ANALYZER_NUMBER_OBJECT_CONVERSION = YES_AGGRESSIVE;
				CLANG_CXX_LANGUAGE_STANDARD = "gnu++20";
				CLANG_ENABLE_MODULES = YES;
				CLANG_ENABLE_OBJC_ARC = YES;
				CLANG_ENABLE_OBJC_WEAK = YES;
				CLANG_WARN_BLOCK_CAPTURE_AUTORELEASING = YES;
				CLANG_WARN_BOOL_CONVERSION = YES;
				CLANG_WARN_COMMA = YES;
				CLANG_WARN_CONSTANT_CONVERSION = YES;
				CLANG_WARN_DEPRECATED_OBJC_IMPLEMENTATIONS = YES;
				CLANG_WARN_DIRECT_OBJC_ISA_USAGE = YES_ERROR;
				CLANG_WARN_DOCUMENTATION_COMMENTS = YES;
				CLANG_WARN_EMPTY_BODY = YES;
				CLANG_WARN_ENUM_CONVERSION = YES;
				CLANG_WARN_INFINITE_RECURSION = YES;
				CLANG_WARN_INT_CONVERSION = YES;
				CLANG_WARN_NON_LITERAL_NULL_CONVERSION = YES;
				CLANG_WARN_OBJC_IMPLICIT_RETAIN_SELF = YES;
				CLANG_WARN_OBJC_LITERAL_CONVERSION = YES;
				CLANG_WARN_OBJC_ROOT_CLASS = YES_ERROR;
				CLANG_WARN_QUOTED_INCLUDE_IN_FRAMEWORK_HEADER = YES;
				CLANG_WARN_RANGE_LOOP_ANALYSIS = YES;
				CLANG_WARN_STRICT_PROTOTYPES = YES;
				CLANG_WARN_SUSPICIOUS_MOVE = YES;
				CLANG_WARN_UNGUARDED_AVAILABILITY = YES_AGGRESSIVE;
				CLANG_WARN_UNREACHABLE_CODE = YES;
				CLANG_WARN__DUPLICATE_METHOD_MATCH = YES;
				COPY_PHASE_STRIP = NO;
				DEBUG_INFORMATION_FORMAT = dwarf;
				ENABLE_STRICT_OBJC_MSGSEND = YES;
				ENABLE_TESTABILITY = YES;
				ENABLE_USER_SCRIPT_SANDBOXING = YES;
				GCC_C_LANGUAGE_STANDARD = gnu17;
				GCC_DYNAMIC_NO_PIC = NO;
				GCC_NO_COMMON_BLOCKS = YES;
				GCC_OPTIMIZATION_LEVEL = 0;
				GCC_PREPROCESSOR_DEFINITIONS = (
					"DEBUG=1",
					"$(inherited)",
				);
				GCC_WARN_64_TO_32_BIT_CONVERSION = YES;
				GCC_WARN_ABOUT_RETURN_TYPE = YES_ERROR;
				GCC_WARN_UNDECLARED_SELECTOR = YES;
				GCC_WARN_UNINITIALIZED_AUTOS = YES_AGGRESSIVE;
				GCC_WARN_UNUSED_FUNCTION = YES;
				GCC_WARN_UNUSED_VARIABLE = YES;
				LOCALIZATION_PREFERS_STRING_CATALOGS = YES;
				MTL_ENABLE_DEBUG_INFO = INCLUDE_SOURCE;
				MTL_FAST_MATH = YES;
				ONLY_ACTIVE_ARCH = YES;
				SWIFT_ACTIVE_COMPILATION_CONDITIONS = "DEBUG $(inherited)";
				SWIFT_OPTIMIZATION_LEVEL = "-Onone";
			};
			name = Debug;
		};
		EA59BBA92B6FE756003EC22C /* Release */ = {
			isa = XCBuildConfiguration;
			buildSettings = {
				ALWAYS_SEARCH_USER_PATHS = NO;
				ASSETCATALOG_COMPILER_GENERATE_SWIFT_ASSET_SYMBOL_EXTENSIONS = YES;
				CLANG_ANALYZER_NONNULL = YES;
				CLANG_ANALYZER_NUMBER_OBJECT_CONVERSION = YES_AGGRESSIVE;
				CLANG_CXX_LANGUAGE_STANDARD = "gnu++20";
				CLANG_ENABLE_MODULES = YES;
				CLANG_ENABLE_OBJC_ARC = YES;
				CLANG_ENABLE_OBJC_WEAK = YES;
				CLANG_WARN_BLOCK_CAPTURE_AUTORELEASING = YES;
				CLANG_WARN_BOOL_CONVERSION = YES;
				CLANG_WARN_COMMA = YES;
				CLANG_WARN_CONSTANT_CONVERSION = YES;
				CLANG_WARN_DEPRECATED_OBJC_IMPLEMENTATIONS = YES;
				CLANG_WARN_DIRECT_OBJC_ISA_USAGE = YES_ERROR;
				CLANG_WARN_DOCUMENTATION_COMMENTS = YES;
				CLANG_WARN_EMPTY_BODY = YES;
				CLANG_WARN_ENUM_CONVERSION = YES;
				CLANG_WARN_INFINITE_RECURSION = YES;
				CLANG_WARN_INT_CONVERSION = YES;
				CLANG_WARN_NON_LITERAL_NULL_CONVERSION = YES;
				CLANG_WARN_OBJC_IMPLICIT_RETAIN_SELF = YES;
				CLANG_WARN_OBJC_LITERAL_CONVERSION = YES;
				CLANG_WARN_OBJC_ROOT_CLASS = YES_ERROR;
				CLANG_WARN_QUOTED_INCLUDE_IN_FRAMEWORK_HEADER = YES;
				CLANG_WARN_RANGE_LOOP_ANALYSIS = YES;
				CLANG_WARN_STRICT_PROTOTYPES = YES;
				CLANG_WARN_SUSPICIOUS_MOVE = YES;
				CLANG_WARN_UNGUARDED_AVAILABILITY = YES_AGGRESSIVE;
				CLANG_WARN_UNREACHABLE_CODE = YES;
				CLANG_WARN__DUPLICATE_METHOD_MATCH = YES;
				COPY_PHASE_STRIP = NO;
				DEBUG_INFORMATION_FORMAT = "dwarf-with-dsym";
				ENABLE_NS_ASSERTIONS = NO;
				ENABLE_STRICT_OBJC_MSGSEND = YES;
				ENABLE_USER_SCRIPT_SANDBOXING = YES;
				GCC_C_LANGUAGE_STANDARD = gnu17;
				GCC_NO_COMMON_BLOCKS = YES;
				GCC_WARN_64_TO_32_BIT_CONVERSION = YES;
				GCC_WARN_ABOUT_RETURN_TYPE = YES_ERROR;
				GCC_WARN_UNDECLARED_SELECTOR = YES;
				GCC_WARN_UNINITIALIZED_AUTOS = YES_AGGRESSIVE;
				GCC_WARN_UNUSED_FUNCTION = YES;
				GCC_WARN_UNUSED_VARIABLE = YES;
				LOCALIZATION_PREFERS_STRING_CATALOGS = YES;
				MTL_ENABLE_DEBUG_INFO = NO;
				MTL_FAST_MATH = YES;
				SWIFT_COMPILATION_MODE = wholemodule;
			};
			name = Release;
		};
		EA59BBAB2B6FE756003EC22C /* Debug */ = {
			isa = XCBuildConfiguration;
			buildSettings = {
				ASSETCATALOG_COMPILER_APPICON_NAME = AppIcon;
				ASSETCATALOG_COMPILER_GLOBAL_ACCENT_COLOR_NAME = AccentColor;
				CODE_SIGN_ENTITLEMENTS = EarthViewer/EarthViewer.entitlements;
				CODE_SIGN_STYLE = Automatic;
				CURRENT_PROJECT_VERSION = 1;
				DEVELOPMENT_ASSET_PATHS = "\"EarthViewer/Preview Content\"";
				DEVELOPMENT_TEAM = 67BLBCQE27;
				ENABLE_HARDENED_RUNTIME = YES;
				ENABLE_PREVIEWS = YES;
				GENERATE_INFOPLIST_FILE = YES;
				INFOPLIST_KEY_NSPhotoLibraryAddUsageDescription = "Allows for saving images to your Camera Roll.";
				"INFOPLIST_KEY_UIApplicationSceneManifest_Generation[sdk=iphoneos*]" = YES;
				"INFOPLIST_KEY_UIApplicationSceneManifest_Generation[sdk=iphonesimulator*]" = YES;
				"INFOPLIST_KEY_UIApplicationSupportsIndirectInputEvents[sdk=iphoneos*]" = YES;
				"INFOPLIST_KEY_UIApplicationSupportsIndirectInputEvents[sdk=iphonesimulator*]" = YES;
				"INFOPLIST_KEY_UILaunchScreen_Generation[sdk=iphoneos*]" = YES;
				"INFOPLIST_KEY_UILaunchScreen_Generation[sdk=iphonesimulator*]" = YES;
				INFOPLIST_KEY_UILaunchStoryboardName = "Launch Screen.storyboard";
				"INFOPLIST_KEY_UIStatusBarStyle[sdk=iphoneos*]" = UIStatusBarStyleDefault;
				"INFOPLIST_KEY_UIStatusBarStyle[sdk=iphonesimulator*]" = UIStatusBarStyleDefault;
				INFOPLIST_KEY_UISupportedInterfaceOrientations = "UIInterfaceOrientationLandscapeLeft UIInterfaceOrientationLandscapeRight UIInterfaceOrientationPortrait UIInterfaceOrientationPortraitUpsideDown";
				IPHONEOS_DEPLOYMENT_TARGET = 17.2;
				LD_RUNPATH_SEARCH_PATHS = "@executable_path/Frameworks";
				"LD_RUNPATH_SEARCH_PATHS[sdk=macosx*]" = "@executable_path/../Frameworks";
				MACOSX_DEPLOYMENT_TARGET = 14.0;
				MARKETING_VERSION = 1.0;
				PRODUCT_BUNDLE_IDENTIFIER = com.alexpersian.EarthViewer;
				PRODUCT_NAME = "$(TARGET_NAME)";
				SDKROOT = auto;
				SUPPORTED_PLATFORMS = "iphoneos iphonesimulator";
				SUPPORTS_MACCATALYST = NO;
				SWIFT_EMIT_LOC_STRINGS = YES;
				SWIFT_VERSION = 5.0;
				TARGETED_DEVICE_FAMILY = "1,2";
			};
			name = Debug;
		};
		EA59BBAC2B6FE756003EC22C /* Release */ = {
			isa = XCBuildConfiguration;
			buildSettings = {
				ASSETCATALOG_COMPILER_APPICON_NAME = AppIcon;
				ASSETCATALOG_COMPILER_GLOBAL_ACCENT_COLOR_NAME = AccentColor;
				CODE_SIGN_ENTITLEMENTS = EarthViewer/EarthViewer.entitlements;
				CODE_SIGN_STYLE = Automatic;
				CURRENT_PROJECT_VERSION = 1;
				DEVELOPMENT_ASSET_PATHS = "\"EarthViewer/Preview Content\"";
				DEVELOPMENT_TEAM = 67BLBCQE27;
				ENABLE_HARDENED_RUNTIME = YES;
				ENABLE_PREVIEWS = YES;
				GENERATE_INFOPLIST_FILE = YES;
				INFOPLIST_KEY_NSPhotoLibraryAddUsageDescription = "Allows for saving images to your Camera Roll.";
				"INFOPLIST_KEY_UIApplicationSceneManifest_Generation[sdk=iphoneos*]" = YES;
				"INFOPLIST_KEY_UIApplicationSceneManifest_Generation[sdk=iphonesimulator*]" = YES;
				"INFOPLIST_KEY_UIApplicationSupportsIndirectInputEvents[sdk=iphoneos*]" = YES;
				"INFOPLIST_KEY_UIApplicationSupportsIndirectInputEvents[sdk=iphonesimulator*]" = YES;
				"INFOPLIST_KEY_UILaunchScreen_Generation[sdk=iphoneos*]" = YES;
				"INFOPLIST_KEY_UILaunchScreen_Generation[sdk=iphonesimulator*]" = YES;
				INFOPLIST_KEY_UILaunchStoryboardName = "Launch Screen.storyboard";
				"INFOPLIST_KEY_UIStatusBarStyle[sdk=iphoneos*]" = UIStatusBarStyleDefault;
				"INFOPLIST_KEY_UIStatusBarStyle[sdk=iphonesimulator*]" = UIStatusBarStyleDefault;
				INFOPLIST_KEY_UISupportedInterfaceOrientations = "UIInterfaceOrientationLandscapeLeft UIInterfaceOrientationLandscapeRight UIInterfaceOrientationPortrait UIInterfaceOrientationPortraitUpsideDown";
				IPHONEOS_DEPLOYMENT_TARGET = 17.2;
				LD_RUNPATH_SEARCH_PATHS = "@executable_path/Frameworks";
				"LD_RUNPATH_SEARCH_PATHS[sdk=macosx*]" = "@executable_path/../Frameworks";
				MACOSX_DEPLOYMENT_TARGET = 14.0;
				MARKETING_VERSION = 1.0;
				PRODUCT_BUNDLE_IDENTIFIER = com.alexpersian.EarthViewer;
				PRODUCT_NAME = "$(TARGET_NAME)";
				SDKROOT = auto;
				SUPPORTED_PLATFORMS = "iphoneos iphonesimulator";
				SUPPORTS_MACCATALYST = NO;
				SWIFT_EMIT_LOC_STRINGS = YES;
				SWIFT_VERSION = 5.0;
				TARGETED_DEVICE_FAMILY = "1,2";
			};
			name = Release;
		};
/* End XCBuildConfiguration section */

/* Begin XCConfigurationList section */
		EA59BB942B6FE753003EC22C /* Build configuration list for PBXProject "EarthViewer" */ = {
			isa = XCConfigurationList;
			buildConfigurations = (
				EA59BBA82B6FE756003EC22C /* Debug */,
				EA59BBA92B6FE756003EC22C /* Release */,
			);
			defaultConfigurationIsVisible = 0;
			defaultConfigurationName = Release;
		};
		EA59BBAA2B6FE756003EC22C /* Build configuration list for PBXNativeTarget "EarthViewer" */ = {
			isa = XCConfigurationList;
			buildConfigurations = (
				EA59BBAB2B6FE756003EC22C /* Debug */,
				EA59BBAC2B6FE756003EC22C /* Release */,
			);
			defaultConfigurationIsVisible = 0;
			defaultConfigurationName = Release;
		};
/* End XCConfigurationList section */
	};
	rootObject = EA59BB912B6FE753003EC22C /* Project object */;
}
